
Microsoft Visual Studio Solution File, Format Version 12.00
# Visual Studio 2012
Project("{FAE04EC0-301F-11D3-BF4B-00C04F79EFBC}") = "RenameTool_4", "RenameTool\RenameTool_4.csproj", "{951F7F61-7A35-41DF-8A33-35FD8145CE6A}"
EndProject
Project("{FAE04EC0-301F-11D3-BF4B-00C04F79EFBC}") = "RenameTool.Infrastructure", "RenameTool.Infrastructure\RenameTool.Infrastructure.csproj", "{2AFADA18-7142-49A2-B521-C72550F8DFD6}"
EndProject
Project("{2150E333-8FDC-42A3-9474-1A3956D46DE8}") = "Common", "Common", "{2FA29C8D-B6C7-4C71-B832-CF07A51859B9}"
EndProject
Global
	GlobalSection(SolutionConfigurationPlatforms) = preSolution
		Debug|Any CPU = Debug|Any CPU
		Debug|Mixed Platforms = Debug|Mixed Platforms
		Debug|x86 = Debug|x86
		Release|Any CPU = Release|Any CPU
		Release|Mixed Platforms = Release|Mixed Platforms
		Release|x86 = Release|x86
	EndGlobalSection
	GlobalSection(ProjectConfigurationPlatforms) = postSolution
		{951F7F61-7A35-41DF-8A33-35FD8145CE6A}.Debug|Any CPU.ActiveCfg = Debug|x86
		{951F7F61-7A35-41DF-8A33-35FD8145CE6A}.Debug|Mixed Platforms.ActiveCfg = Debug|x86
		{951F7F61-7A35-41DF-8A33-35FD8145CE6A}.Debug|Mixed Platforms.Build.0 = Debug|x86
		{951F7F61-7A35-41DF-8A33-35FD8145CE6A}.Debug|x86.ActiveCfg = Debug|x86
		{951F7F61-7A35-41DF-8A33-35FD8145CE6A}.Debug|x86.Build.0 = Debug|x86
		{951F7F61-7A35-41DF-8A33-35FD8145CE6A}.Release|Any CPU.ActiveCfg = Release|x86
		{951F7F61-7A35-41DF-8A33-35FD8145CE6A}.Release|Mixed Platforms.ActiveCfg = Release|x86
		{951F7F61-7A35-41DF-8A33-35FD8145CE6A}.Release|Mixed Platforms.Build.0 = Release|x86
		{951F7F61-7A35-41DF-8A33-35FD8145CE6A}.Release|x86.ActiveCfg = Release|x86
		{951F7F61-7A35-41DF-8A33-35FD8145CE6A}.Release|x86.Build.0 = Release|x86
		{2AFADA18-7142-49A2-B521-C72550F8DFD6}.Debug|Any CPU.ActiveCfg = Debug|Any CPU
		{2AFADA18-7142-49A2-B521-C72550F8DFD6}.Debug|Any CPU.Build.0 = Debug|Any CPU
		{2AFADA18-7142-49A2-B521-C72550F8DFD6}.Debug|Mixed Platforms.ActiveCfg = Debug|Any CPU
		{2AFADA18-7142-49A2-B521-C72550F8DFD6}.Debug|Mixed Platforms.Build.0 = Debug|Any CPU
		{2AFADA18-7142-49A2-B521-C72550F8DFD6}.Debug|x86.ActiveCfg = Debug|Any CPU
		{2AFADA18-7142-49A2-B521-C72550F8DFD6}.Release|Any CPU.ActiveCfg = Release|Any CPU
		{2AFADA18-7142-49A2-B521-C72550F8DFD6}.Release|Any CPU.Build.0 = Release|Any CPU
		{2AFADA18-7142-49A2-B521-C72550F8DFD6}.Release|Mixed Platforms.ActiveCfg = Release|Any CPU
		{2AFADA18-7142-49A2-B521-C72550F8DFD6}.Release|Mixed Platforms.Build.0 = Release|Any CPU
		{2AFADA18-7142-49A2-B521-C72550F8DFD6}.Release|x86.ActiveCfg = Release|Any CPU
	EndGlobalSection
	GlobalSection(SolutionProperties) = preSolution
		HideSolutionNode = FALSE
	EndGlobalSection
	GlobalSection(NestedProjects) = preSolution
		{2AFADA18-7142-49A2-B521-C72550F8DFD6} = {2FA29C8D-B6C7-4C71-B832-CF07A51859B9}
	EndGlobalSection
EndGlobal
